
Microsoft Visual Studio Solution File, Format Version 12.00
# Visual Studio Version 16
VisualStudioVersion = 16.0.32106.194
MinimumVisualStudioVersion = 10.0.40219.1
Project("{F184B08F-C81C-45F6-A57F-5ABD9991F28F}") = "git-project-by-mani", "git-project-by-mani\git-project-by-mani.vbproj", "{5A428474-59C5-4764-982D-7DB15CB931F1}"
EndProject
Project("{F184B08F-C81C-45F6-A57F-5ABD9991F28F}") = "git-project-by-mani.Tests", "git-project-by-mani.Tests\git-project-by-mani.Tests.vbproj", "{A5A23B29-29D0-4902-A951-F227EA5EB3BD}"
EndProject
Global
	GlobalSection(SolutionConfigurationPlatforms) = preSolution
		Debug|Any CPU = Debug|Any CPU
		Release|Any CPU = Release|Any CPU
	EndGlobalSection
	GlobalSection(ProjectConfigurationPlatforms) = postSolution
		{5A428474-59C5-4764-982D-7DB15CB931F1}.Debug|Any CPU.ActiveCfg = Debug|Any CPU
		{5A428474-59C5-4764-982D-7DB15CB931F1}.Debug|Any CPU.Build.0 = Debug|Any CPU
		{5A428474-59C5-4764-982D-7DB15CB931F1}.Release|Any CPU.ActiveCfg = Release|Any CPU
		{5A428474-59C5-4764-982D-7DB15CB931F1}.Release|Any CPU.Build.0 = Release|Any CPU
		{A5A23B29-29D0-4902-A951-F227EA5EB3BD}.Debug|Any CPU.ActiveCfg = Debug|Any CPU
		{A5A23B29-29D0-4902-A951-F227EA5EB3BD}.Debug|Any CPU.Build.0 = Debug|Any CPU
		{A5A23B29-29D0-4902-A951-F227EA5EB3BD}.Release|Any CPU.ActiveCfg = Release|Any CPU
		{A5A23B29-29D0-4902-A951-F227EA5EB3BD}.Release|Any CPU.Build.0 = Release|Any CPU
	EndGlobalSection
	GlobalSection(SolutionProperties) = preSolution
		HideSolutionNode = FALSE
	EndGlobalSection
	GlobalSection(ExtensibilityGlobals) = postSolution
		SolutionGuid = {B0F7507C-F402-40E6-AAAE-FD366E436721}
	EndGlobalSection
EndGlobal
